
Microsoft Visual Studio Solution File, Format Version 12.00
# Visual Studio Version 17
VisualStudioVersion = 17.8.34322.80
MinimumVisualStudioVersion = 10.0.40219.1
Project("{FAE04EC0-301F-11D3-BF4B-00C04F79EFBC}") = "RpdPlayerApp", "RpdPlayerApp\RpdPlayerApp.csproj", "{98F01F77-77FC-490A-B8FA-677EDE2C72EE}"
EndProject
Global
	GlobalSection(SolutionConfigurationPlatforms) = preSolution
		Debug|Any CPU = Debug|Any CPU
		Release|Any CPU = Release|Any CPU
	EndGlobalSection
	GlobalSection(ProjectConfigurationPlatforms) = postSolution
		{98F01F77-77FC-490A-B8FA-677EDE2C72EE}.Debug|Any CPU.ActiveCfg = Debug|Any CPU
		{98F01F77-77FC-490A-B8FA-677EDE2C72EE}.Debug|Any CPU.Build.0 = Debug|Any CPU
		{98F01F77-77FC-490A-B8FA-677EDE2C72EE}.Debug|Any CPU.Deploy.0 = Debug|Any CPU
		{98F01F77-77FC-490A-B8FA-677EDE2C72EE}.Release|Any CPU.ActiveCfg = Release|Any CPU
		{98F01F77-77FC-490A-B8FA-677EDE2C72EE}.Release|Any CPU.Build.0 = Release|Any CPU
		{98F01F77-77FC-490A-B8FA-677EDE2C72EE}.Release|Any CPU.Deploy.0 = Release|Any CPU
	EndGlobalSection
	GlobalSection(SolutionProperties) = preSolution
		HideSolutionNode = FALSE
	EndGlobalSection
	GlobalSection(ExtensibilityGlobals) = postSolution
		SolutionGuid = {1CE882DC-9947-4BF5-AAD4-EE743A1D1AF1}
	EndGlobalSection
EndGlobal
